{
  "nodes": {
    "nixpkgs": {
      "locked": {
        "lastModified": 1704632222,
        "narHash": "sha256-Fwn4ufgHigeDSAbfA6IbbvsoY/uSH9k+q828s2NQZc8=",
        "owner": "nixos",
        "repo": "nixpkgs",
        "rev": "95eb67cecc8d906e1f007de2ba2e51a5f26f070b",
        "type": "github"
      },
      "original": {
        "owner": "nixos",
        "repo": "nixpkgs",
        "type": "github"
      }
    },
    "root": {
      "inputs": {
        "nixpkgs": "nixpkgs"
      }
    }
  },
  "root": "root",
  "version": 7
}
